// !$*UTF8*$!
{
	archiveVersion = 1;
	classes = {
	};
	objectVersion = 77;
	objects = {

/* Begin PBXBuildFile section */
		4072EC4D2F60FFEE00558671 /* Kingfisher in Frameworks */ = {isa = PBXBuildFile; productRef = 4072EC4C2F60FFEE00558671 /* Kingfisher */; };
		40AC65352F64E25100A15CF9 /* RealmSwift in Frameworks */ = {isa = PBXBuildFile; productRef = 40AC65342F64E25100A15CF9 /* RealmSwift */; };
		40D878992F64EABE00263FC8 /* RealmSwift in Embed Frameworks */ = {isa = PBXBuildFile; productRef = 40AC65342F64E25100A15CF9 /* RealmSwift */; settings = {ATTRIBUTES = (CodeSignOnCopy, ); }; };
/* End PBXBuildFile section */

/* Begin PBXContainerItemProxy section */
		4030D21A2F45216D0079A6FB /* PBXContainerItemProxy */ = {
			isa = PBXContainerItemProxy;
			containerPortal = 4030D2042F45216B0079A6FB /* Project object */;
			proxyType = 1;
			remoteGlobalIDString = 4030D20B2F45216B0079A6FB;
			remoteInfo = WeatherAppiOS;
		};
		4030D2242F45216D0079A6FB /* PBXContainerItemProxy */ = {
			isa = PBXContainerItemProxy;
			containerPortal = 4030D2042F45216B0079A6FB /* Project object */;
			proxyType = 1;
			remoteGlobalIDString = 4030D20B2F45216B0079A6FB;
			remoteInfo = WeatherAppiOS;
		};
/* End PBXContainerItemProxy section */

/* Begin PBXCopyFilesBuildPhase section */
		40D8789A2F64EABE00263FC8 /* Embed Frameworks */ = {
			isa = PBXCopyFilesBuildPhase;
			buildActionMask = 2147483647;
			dstPath = "";
			dstSubfolderSpec = 10;
			files = (
				40D878992F64EABE00263FC8 /* RealmSwift in Embed Frameworks */,
			);
			name = "Embed Frameworks";
			runOnlyForDeploymentPostprocessing = 0;
		};
/* End PBXCopyFilesBuildPhase section */

/* Begin PBXFileReference section */
		4030D20C2F45216B0079A6FB /* WeatherAppiOS.app */ = {isa = PBXFileReference; explicitFileType = wrapper.application; includeInIndex = 0; path = WeatherAppiOS.app; sourceTree = BUILT_PRODUCTS_DIR; };
		4030D2192F45216D0079A6FB /* WeatherAppiOSTests.xctest */ = {isa = PBXFileReference; explicitFileType = wrapper.cfbundle; includeInIndex = 0; path = WeatherAppiOSTests.xctest; sourceTree = BUILT_PRODUCTS_DIR; };
		4030D2232F45216D0079A6FB /* WeatherAppiOSUITests.xctest */ = {isa = PBXFileReference; explicitFileType = wrapper.cfbundle; includeInIndex = 0; path = WeatherAppiOSUITests.xctest; sourceTree = BUILT_PRODUCTS_DIR; };
/* End PBXFileReference section */

/* Begin PBXFileSystemSynchronizedRootGroup section */
		4030D20E2F45216B0079A6FB /* WeatherAppiOS */ = {
			isa = PBXFileSystemSynchronizedRootGroup;
			path = WeatherAppiOS;
			sourceTree = "<group>";
		};
		4030D21C2F45216D0079A6FB /* WeatherAppiOSTests */ = {
			isa = PBXFileSystemSynchronizedRootGroup;
			path = WeatherAppiOSTests;
			sourceTree = "<group>";
		};
		4030D2262F45216D0079A6FB /* WeatherAppiOSUITests */ = {
			isa = PBXFileSystemSynchronizedRootGroup;
			path = WeatherAppiOSUITests;
			sourceTree = "<group>";
		};
/* End PBXFileSystemSynchronizedRootGroup section */

/* Begin PBXFrameworksBuildPhase section */
		4030D2092F45216B0079A6FB /* Frameworks */ = {
			isa = PBXFrameworksBuildPhase;
			buildActionMask = 2147483647;
			files = (
				40AC65352F64E25100A15CF9 /* RealmSwift in Frameworks */,
				4072EC4D2F60FFEE00558671 /* Kingfisher in Frameworks */,
			);
			runOnlyForDeploymentPostprocessing = 0;
		};
		4030D2162F45216D0079A6FB /* Frameworks */ = {
			isa = PBXFrameworksBuildPhase;
			buildActionMask = 2147483647;
			files = (
			);
			runOnlyForDeploymentPostprocessing = 0;
		};
		4030D2202F45216D0079A6FB /* Frameworks */ = {
			isa = PBXFrameworksBuildPhase;
			buildActionMask = 2147483647;
			files = (
			);
			runOnlyForDeploymentPostprocessing = 0;
		};
/* End PBXFrameworksBuildPhase section */

/* Begin PBXGroup section */
		4030D2032F45216B0079A6FB = {
			isa = PBXGroup;
			children = (
				4030D20E2F45216B0079A6FB /* WeatherAppiOS */,
				4030D21C2F45216D0079A6FB /* WeatherAppiOSTests */,
				4030D2262F45216D0079A6FB /* WeatherAppiOSUITests */,
				4030D20D2F45216B0079A6FB /* Products */,
			);
			sourceTree = "<group>";
		};
		4030D20D2F45216B0079A6FB /* Products */ = {
			isa = PBXGroup;
			children = (
				4030D20C2F45216B0079A6FB /* WeatherAppiOS.app */,
				4030D2192F45216D0079A6FB /* WeatherAppiOSTests.xctest */,
				4030D2232F45216D0079A6FB /* WeatherAppiOSUITests.xctest */,
			);
			name = Products;
			sourceTree = "<group>";
		};
/* End PBXGroup section */

/* Begin PBXNativeTarget section */
		4030D20B2F45216B0079A6FB /* WeatherAppiOS */ = {
			isa = PBXNativeTarget;
			buildConfigurationList = 4030D22D2F45216D0079A6FB /* Build configuration list for PBXNativeTarget "WeatherAppiOS" */;
			buildPhases = (
				4030D2082F45216B0079A6FB /* Sources */,
				4030D2092F45216B0079A6FB /* Frameworks */,
				4030D20A2F45216B0079A6FB /* Resources */,
				40D8789A2F64EABE00263FC8 /* Embed Frameworks */,
			);
			buildRules = (
			);
			dependencies = (
			);
			fileSystemSynchronizedGroups = (
				4030D20E2F45216B0079A6FB /* WeatherAppiOS */,
			);
			name = WeatherAppiOS;
			packageProductDependencies = (
				4072EC4C2F60FFEE00558671 /* Kingfisher */,
				40AC65342F64E25100A15CF9 /* RealmSwift */,
			);
			productName = WeatherAppiOS;
			productReference = 4030D20C2F45216B0079A6FB /* WeatherAppiOS.app */;
			productType = "com.apple.product-type.application";
		};
		4030D2182F45216D0079A6FB /* WeatherAppiOSTests */ = {
			isa = PBXNativeTarget;
			buildConfigurationList = 4030D2302F45216D0079A6FB /* Build configuration list for PBXNativeTarget "WeatherAppiOSTests" */;
			buildPhases = (
				4030D2152F45216D0079A6FB /* Sources */,
				4030D2162F45216D0079A6FB /* Frameworks */,
				4030D2172F45216D0079A6FB /* Resources */,
			);
			buildRules = (
			);
			dependencies = (
				4030D21B2F45216D0079A6FB /* PBXTargetDependency */,
			);
			fileSystemSynchronizedGroups = (
				4030D21C2F45216D0079A6FB /* WeatherAppiOSTests */,
			);
			name = WeatherAppiOSTests;
			packageProductDependencies = (
			);
			productName = WeatherAppiOSTests;
			productReference = 4030D2192F45216D0079A6FB /* WeatherAppiOSTests.xctest */;
			productType = "com.apple.product-type.bundle.unit-test";
		};
		4030D2222F45216D0079A6FB /* WeatherAppiOSUITests */ = {
			isa = PBXNativeTarget;
			buildConfigurationList = 4030D2332F45216D0079A6FB /* Build configuration list for PBXNativeTarget "WeatherAppiOSUITests" */;
			buildPhases = (
				4030D21F2F45216D0079A6FB /* Sources */,
				4030D2202F45216D0079A6FB /* Frameworks */,
				4030D2212F45216D0079A6FB /* Resources */,
			);
			buildRules = (
			);
			dependencies = (
				4030D2252F45216D0079A6FB /* PBXTargetDependency */,
			);
			fileSystemSynchronizedGroups = (
				4030D2262F45216D0079A6FB /* WeatherAppiOSUITests */,
			);
			name = WeatherAppiOSUITests;
			packageProductDependencies = (
			);
			productName = WeatherAppiOSUITests;
			productReference = 4030D2232F45216D0079A6FB /* WeatherAppiOSUITests.xctest */;
			productType = "com.apple.product-type.bundle.ui-testing";
		};
/* End PBXNativeTarget section */

/* Begin PBXProject section */
		4030D2042F45216B0079A6FB /* Project object */ = {
			isa = PBXProject;
			attributes = {
				BuildIndependentTargetsInParallel = 1;
				LastSwiftUpdateCheck = 2620;
				LastUpgradeCheck = 2620;
				TargetAttributes = {
					4030D20B2F45216B0079A6FB = {
						CreatedOnToolsVersion = 26.2;
					};
					4030D2182F45216D0079A6FB = {
						CreatedOnToolsVersion = 26.2;
						TestTargetID = 4030D20B2F45216B0079A6FB;
					};
					4030D2222F45216D0079A6FB = {
						CreatedOnToolsVersion = 26.2;
						TestTargetID = 4030D20B2F45216B0079A6FB;
					};
				};
			};
			buildConfigurationList = 4030D2072F45216B0079A6FB /* Build configuration list for PBXProject "WeatherAppiOS" */;
			developmentRegion = en;
			hasScannedForEncodings = 0;
			knownRegions = (
				en,
				Base,
			);
			mainGroup = 4030D2032F45216B0079A6FB;
			minimizedProjectReferenceProxies = 1;
			packageReferences = (
				4072EC4B2F60FFEE00558671 /* XCRemoteSwiftPackageReference "Kingfisher" */,
				40AC65332F64E25100A15CF9 /* XCRemoteSwiftPackageReference "realm-swift" */,
			);
			preferredProjectObjectVersion = 77;
			productRefGroup = 4030D20D2F45216B0079A6FB /* Products */;
			projectDirPath = "";
			projectRoot = "";
			targets = (
				4030D20B2F45216B0079A6FB /* WeatherAppiOS */,
				4030D2182F45216D0079A6FB /* WeatherAppiOSTests */,
				4030D2222F45216D0079A6FB /* WeatherAppiOSUITests */,
			);
		};
/* End PBXProject section */

/* Begin PBXResourcesBuildPhase section */
		4030D20A2F45216B0079A6FB /* Resources */ = {
			isa = PBXResourcesBuildPhase;
			buildActionMask = 2147483647;
			files = (
			);
			runOnlyForDeploymentPostprocessing = 0;
		};
		4030D2172F45216D0079A6FB /* Resources */ = {
			isa = PBXResourcesBuildPhase;
			buildActionMask = 2147483647;
			files = (
			);
			runOnlyForDeploymentPostprocessing = 0;
		};
		4030D2212F45216D0079A6FB /* Resources */ = {
			isa = PBXResourcesBuildPhase;
			buildActionMask = 2147483647;
			files = (
			);
			runOnlyForDeploymentPostprocessing = 0;
		};
/* End PBXResourcesBuildPhase section */

/* Begin PBXSourcesBuildPhase section */
		4030D2082F45216B0079A6FB /* Sources */ = {
			isa = PBXSourcesBuildPhase;
			buildActionMask = 2147483647;
			files = (
			);
			runOnlyForDeploymentPostprocessing = 0;
		};
		4030D2152F45216D0079A6FB /* Sources */ = {
			isa = PBXSourcesBuildPhase;
			buildActionMask = 2147483647;
			files = (
			);
			runOnlyForDeploymentPostprocessing = 0;
		};
		4030D21F2F45216D0079A6FB /* Sources */ = {
			isa = PBXSourcesBuildPhase;
			buildActionMask = 2147483647;
			files = (
			);
			runOnlyForDeploymentPostprocessing = 0;
		};
/* End PBXSourcesBuildPhase section */

/* Begin PBXTargetDependency section */
		4030D21B2F45216D0079A6FB /* PBXTargetDependency */ = {
			isa = PBXTargetDependency;
			target = 4030D20B2F45216B0079A6FB /* WeatherAppiOS */;
			targetProxy = 4030D21A2F45216D0079A6FB /* PBXContainerItemProxy */;
		};
		4030D2252F45216D0079A6FB /* PBXTargetDependency */ = {
			isa = PBXTargetDependency;
			target = 4030D20B2F45216B0079A6FB /* WeatherAppiOS */;
			targetProxy = 4030D2242F45216D0079A6FB /* PBXContainerItemProxy */;
		};
/* End PBXTargetDependency section */

/* Begin XCBuildConfiguration section */
		4030D22B2F45216D0079A6FB /* Debug */ = {
			isa = XCBuildConfiguration;
			buildSettings = {
				ALWAYS_SEARCH_USER_PATHS = NO;
				ASSETCATALOG_COMPILER_GENERATE_SWIFT_ASSET_SYMBOL_EXTENSIONS = YES;
				CLANG_ANALYZER_NONNULL = YES;
				CLANG_ANALYZER_NUMBER_OBJECT_CONVERSION = YES_AGGRESSIVE;
				CLANG_CXX_LANGUAGE_STANDARD = "gnu++20";
				CLANG_ENABLE_MODULES = YES;
				CLANG_ENABLE_OBJC_ARC = YES;
				CLANG_ENABLE_OBJC_WEAK = YES;
				CLANG_WARN_BLOCK_CAPTURE_AUTORELEASING = YES;
				CLANG_WARN_BOOL_CONVERSION = YES;
				CLANG_WARN_COMMA = YES;
				CLANG_WARN_CONSTANT_CONVERSION = YES;
				CLANG_WARN_DEPRECATED_OBJC_IMPLEMENTATIONS = YES;
				CLANG_WARN_DIRECT_OBJC_ISA_USAGE = YES_ERROR;
				CLANG_WARN_DOCUMENTATION_COMMENTS = YES;
				CLANG_WARN_EMPTY_BODY = YES;
				CLANG_WARN_ENUM_CONVERSION = YES;
				CLANG_WARN_INFINITE_RECURSION = YES;
				CLANG_WARN_INT_CONVERSION = YES;
				CLANG_WARN_NON_LITERAL_NULL_CONVERSION = YES;
				CLANG_WARN_OBJC_IMPLICIT_RETAIN_SELF = YES;
				CLANG_WARN_OBJC_LITERAL_CONVERSION = YES;
				CLANG_WARN_OBJC_ROOT_CLASS = YES_ERROR;
				CLANG_WARN_QUOTED_INCLUDE_IN_FRAMEWORK_HEADER = YES;
				CLANG_WARN_RANGE_LOOP_ANALYSIS = YES;
				CLANG_WARN_STRICT_PROTOTYPES = YES;
				CLANG_WARN_SUSPICIOUS_MOVE = YES;
				CLANG_WARN_UNGUARDED_AVAILABILITY = YES_AGGRESSIVE;
				CLANG_WARN_UNREACHABLE_CODE = YES;
				CLANG_WARN__DUPLICATE_METHOD_MATCH = YES;
				COPY_PHASE_STRIP = NO;
				DEBUG_INFORMATION_FORMAT = dwarf;
				DEVELOPMENT_TEAM = XRBX6Z7278;
				ENABLE_STRICT_OBJC_MSGSEND = YES;
				ENABLE_TESTABILITY = YES;
				ENABLE_USER_SCRIPT_SANDBOXING = YES;
				GCC_C_LANGUAGE_STANDARD = gnu17;
				GCC_DYNAMIC_NO_PIC = NO;
				GCC_NO_COMMON_BLOCKS = YES;
				GCC_OPTIMIZATION_LEVEL = 0;
				GCC_PREPROCESSOR_DEFINITIONS = (
					"DEBUG=1",
					"$(inherited)",
				);
				GCC_WARN_64_TO_32_BIT_CONVERSION = YES;
				GCC_WARN_ABOUT_RETURN_TYPE = YES_ERROR;
				GCC_WARN_UNDECLARED_SELECTOR = YES;
				GCC_WARN_UNINITIALIZED_AUTOS = YES_AGGRESSIVE;
				GCC_WARN_UNUSED_FUNCTION = YES;
				GCC_WARN_UNUSED_VARIABLE = YES;
				IPHONEOS_DEPLOYMENT_TARGET = 26.2;
				LOCALIZATION_PREFERS_STRING_CATALOGS = YES;
				MTL_ENABLE_DEBUG_INFO = INCLUDE_SOURCE;
				MTL_FAST_MATH = YES;
				ONLY_ACTIVE_ARCH = YES;
				SDKROOT = iphoneos;
				SWIFT_ACTIVE_COMPILATION_CONDITIONS = "DEBUG $(inherited)";
				SWIFT_OPTIMIZATION_LEVEL = "-Onone";
			};
			name = Debug;
		};
		4030D22C2F45216D0079A6FB /* Release */ = {
			isa = XCBuildConfiguration;
			buildSettings = {
				ALWAYS_SEARCH_USER_PATHS = NO;
				ASSETCATALOG_COMPILER_GENERATE_SWIFT_ASSET_SYMBOL_EXTENSIONS = YES;
				CLANG_ANALYZER_NONNULL = YES;
				CLANG_ANALYZER_NUMBER_OBJECT_CONVERSION = YES_AGGRESSIVE;
				CLANG_CXX_LANGUAGE_STANDARD = "gnu++20";
				CLANG_ENABLE_MODULES = YES;
				CLANG_ENABLE_OBJC_ARC = YES;
				CLANG_ENABLE_OBJC_WEAK = YES;
				CLANG_WARN_BLOCK_CAPTURE_AUTORELEASING = YES;
				CLANG_WARN_BOOL_CONVERSION = YES;
				CLANG_WARN_COMMA = YES;
				CLANG_WARN_CONSTANT_CONVERSION = YES;
				CLANG_WARN_DEPRECATED_OBJC_IMPLEMENTATIONS = YES;
				CLANG_WARN_DIRECT_OBJC_ISA_USAGE = YES_ERROR;
				CLANG_WARN_DOCUMENTATION_COMMENTS = YES;
				CLANG_WARN_EMPTY_BODY = YES;
				CLANG_WARN_ENUM_CONVERSION = YES;
				CLANG_WARN_INFINITE_RECURSION = YES;
				CLANG_WARN_INT_CONVERSION = YES;
				CLANG_WARN_NON_LITERAL_NULL_CONVERSION = YES;
				CLANG_WARN_OBJC_IMPLICIT_RETAIN_SELF = YES;
				CLANG_WARN_OBJC_LITERAL_CONVERSION = YES;
				CLANG_WARN_OBJC_ROOT_CLASS = YES_ERROR;
				CLANG_WARN_QUOTED_INCLUDE_IN_FRAMEWORK_HEADER = YES;
				CLANG_WARN_RANGE_LOOP_ANALYSIS = YES;
				CLANG_WARN_STRICT_PROTOTYPES = YES;
				CLANG_WARN_SUSPICIOUS_MOVE = YES;
				CLANG_WARN_UNGUARDED_AVAILABILITY = YES_AGGRESSIVE;
				CLANG_WARN_UNREACHABLE_CODE = YES;
				CLANG_WARN__DUPLICATE_METHOD_MATCH = YES;
				COPY_PHASE_STRIP = NO;
				DEBUG_INFORMATION_FORMAT = "dwarf-with-dsym";
				DEVELOPMENT_TEAM = XRBX6Z7278;
				ENABLE_NS_ASSERTIONS = NO;
				ENABLE_STRICT_OBJC_MSGSEND = YES;
				ENABLE_USER_SCRIPT_SANDBOXING = YES;
				GCC_C_LANGUAGE_STANDARD = gnu17;
				GCC_NO_COMMON_BLOCKS = YES;
				GCC_WARN_64_TO_32_BIT_CONVERSION = YES;
				GCC_WARN_ABOUT_RETURN_TYPE = YES_ERROR;
				GCC_WARN_UNDECLARED_SELECTOR = YES;
				GCC_WARN_UNINITIALIZED_AUTOS = YES_AGGRESSIVE;
				GCC_WARN_UNUSED_FUNCTION = YES;
				GCC_WARN_UNUSED_VARIABLE = YES;
				IPHONEOS_DEPLOYMENT_TARGET = 26.2;
				LOCALIZATION_PREFERS_STRING_CATALOGS = YES;
				MTL_ENABLE_DEBUG_INFO = NO;
				MTL_FAST_MATH = YES;
				SDKROOT = iphoneos;
				SWIFT_COMPILATION_MODE = wholemodule;
				VALIDATE_PRODUCT = YES;
			};
			name = Release;
		};
		4030D22E2F45216D0079A6FB /* Debug */ = {
			isa = XCBuildConfiguration;
			buildSettings = {
				ASSETCATALOG_COMPILER_APPICON_NAME = AppIcon;
				ASSETCATALOG_COMPILER_GLOBAL_ACCENT_COLOR_NAME = AccentColor;
				CODE_SIGN_STYLE = Automatic;
				CURRENT_PROJECT_VERSION = 1;
				DEVELOPMENT_TEAM = XRBX6Z7278;
				ENABLE_PREVIEWS = YES;
				GENERATE_INFOPLIST_FILE = YES;
				INFOPLIST_KEY_UIApplicationSceneManifest_Generation = YES;
				INFOPLIST_KEY_UIApplicationSupportsIndirectInputEvents = YES;
				INFOPLIST_KEY_UILaunchScreen_Generation = YES;
				INFOPLIST_KEY_UISupportedInterfaceOrientations_iPad = "UIInterfaceOrientationPortrait UIInterfaceOrientationPortraitUpsideDown UIInterfaceOrientationLandscapeLeft UIInterfaceOrientationLandscapeRight";
				INFOPLIST_KEY_UISupportedInterfaceOrientations_iPhone = "UIInterfaceOrientationPortrait UIInterfaceOrientationLandscapeLeft UIInterfaceOrientationLandscapeRight";
				LD_RUNPATH_SEARCH_PATHS = (
					"$(inherited)",
					"@executable_path/Frameworks",
				);
				MARKETING_VERSION = 1.0;
				PRODUCT_BUNDLE_IDENTIFIER = XOX.iOS.WeatherAppiOS;
				PRODUCT_NAME = "$(TARGET_NAME)";
				STRING_CATALOG_GENERATE_SYMBOLS = YES;
				SWIFT_APPROACHABLE_CONCURRENCY = YES;
				SWIFT_DEFAULT_ACTOR_ISOLATION = MainActor;
				SWIFT_EMIT_LOC_STRINGS = YES;
				SWIFT_UPCOMING_FEATURE_MEMBER_IMPORT_VISIBILITY = YES;
				SWIFT_VERSION = 5.0;
				TARGETED_DEVICE_FAMILY = "1,2";
			};
			name = Debug;
		};
		4030D22F2F45216D0079A6FB /* Release */ = {
			isa = XCBuildConfiguration;
			buildSettings = {
				ASSETCATALOG_COMPILER_APPICON_NAME = AppIcon;
				ASSETCATALOG_COMPILER_GLOBAL_ACCENT_COLOR_NAME = AccentColor;
				CODE_SIGN_STYLE = Automatic;
				CURRENT_PROJECT_VERSION = 1;
				DEVELOPMENT_TEAM = XRBX6Z7278;
				ENABLE_PREVIEWS = YES;
				GENERATE_INFOPLIST_FILE = YES;
				INFOPLIST_KEY_UIApplicationSceneManifest_Generation = YES;
				INFOPLIST_KEY_UIApplicationSupportsIndirectInputEvents = YES;
				INFOPLIST_KEY_UILaunchScreen_Generation = YES;
				INFOPLIST_KEY_UISupportedInterfaceOrientations_iPad = "UIInterfaceOrientationPortrait UIInterfaceOrientationPortraitUpsideDown UIInterfaceOrientationLandscapeLeft UIInterfaceOrientationLandscapeRight";
				INFOPLIST_KEY_UISupportedInterfaceOrientations_iPhone = "UIInterfaceOrientationPortrait UIInterfaceOrientationLandscapeLeft UIInterfaceOrientationLandscapeRight";
				LD_RUNPATH_SEARCH_PATHS = (
					"$(inherited)",
					"@executable_path/Frameworks",
				);
				MARKETING_VERSION = 1.0;
				PRODUCT_BUNDLE_IDENTIFIER = XOX.iOS.WeatherAppiOS;
				PRODUCT_NAME = "$(TARGET_NAME)";
				STRING_CATALOG_GENERATE_SYMBOLS = YES;
				SWIFT_APPROACHABLE_CONCURRENCY = YES;
				SWIFT_DEFAULT_ACTOR_ISOLATION = MainActor;
				SWIFT_EMIT_LOC_STRINGS = YES;
				SWIFT_UPCOMING_FEATURE_MEMBER_IMPORT_VISIBILITY = YES;
				SWIFT_VERSION = 5.0;
				TARGETED_DEVICE_FAMILY = "1,2";
			};
			name = Release;
		};
		4030D2312F45216D0079A6FB /* Debug */ = {
			isa = XCBuildConfiguration;
			buildSettings = {
				BUNDLE_LOADER = "$(TEST_HOST)";
				CODE_SIGN_STYLE = Automatic;
				CURRENT_PROJECT_VERSION = 1;
				DEVELOPMENT_TEAM = XRBX6Z7278;
				GENERATE_INFOPLIST_FILE = YES;
				IPHONEOS_DEPLOYMENT_TARGET = 26.2;
				MARKETING_VERSION = 1.0;
				PRODUCT_BUNDLE_IDENTIFIER = XOX.iOS.WeatherAppiOSTests;
				PRODUCT_NAME = "$(TARGET_NAME)";
				STRING_CATALOG_GENERATE_SYMBOLS = NO;
				SWIFT_APPROACHABLE_CONCURRENCY = YES;
				SWIFT_EMIT_LOC_STRINGS = NO;
				SWIFT_UPCOMING_FEATURE_MEMBER_IMPORT_VISIBILITY = YES;
				SWIFT_VERSION = 5.0;
				TARGETED_DEVICE_FAMILY = "1,2";
				TEST_HOST = "$(BUILT_PRODUCTS_DIR)/WeatherAppiOS.app/$(BUNDLE_EXECUTABLE_FOLDER_PATH)/WeatherAppiOS";
			};
			name = Debug;
		};
		4030D2322F45216D0079A6FB /* Release */ = {
			isa = XCBuildConfiguration;
			buildSettings = {
				BUNDLE_LOADER = "$(TEST_HOST)";
				CODE_SIGN_STYLE = Automatic;
				CURRENT_PROJECT_VERSION = 1;
				DEVELOPMENT_TEAM = XRBX6Z7278;
				GENERATE_INFOPLIST_FILE = YES;
				IPHONEOS_DEPLOYMENT_TARGET = 26.2;
				MARKETING_VERSION = 1.0;
				PRODUCT_BUNDLE_IDENTIFIER = XOX.iOS.WeatherAppiOSTests;
				PRODUCT_NAME = "$(TARGET_NAME)";
				STRING_CATALOG_GENERATE_SYMBOLS = NO;
				SWIFT_APPROACHABLE_CONCURRENCY = YES;
				SWIFT_EMIT_LOC_STRINGS = NO;
				SWIFT_UPCOMING_FEATURE_MEMBER_IMPORT_VISIBILITY = YES;
				SWIFT_VERSION = 5.0;
				TARGETED_DEVICE_FAMILY = "1,2";
				TEST_HOST = "$(BUILT_PRODUCTS_DIR)/WeatherAppiOS.app/$(BUNDLE_EXECUTABLE_FOLDER_PATH)/WeatherAppiOS";
			};
			name = Release;
		};
		4030D2342F45216D0079A6FB /* Debug */ = {
			isa = XCBuildConfiguration;
			buildSettings = {
				CODE_SIGN_STYLE = Automatic;
				CURRENT_PROJECT_VERSION = 1;
				DEVELOPMENT_TEAM = XRBX6Z7278;
				GENERATE_INFOPLIST_FILE = YES;
				MARKETING_VERSION = 1.0;
				PRODUCT_BUNDLE_IDENTIFIER = XOX.iOS.WeatherAppiOSUITests;
				PRODUCT_NAME = "$(TARGET_NAME)";
				STRING_CATALOG_GENERATE_SYMBOLS = NO;
				SWIFT_APPROACHABLE_CONCURRENCY = YES;
				SWIFT_EMIT_LOC_STRINGS = NO;
				SWIFT_UPCOMING_FEATURE_MEMBER_IMPORT_VISIBILITY = YES;
				SWIFT_VERSION = 5.0;
				TARGETED_DEVICE_FAMILY = "1,2";
				TEST_TARGET_NAME = WeatherAppiOS;
			};
			name = Debug;
		};
		4030D2352F45216D0079A6FB /* Release */ = {
			isa = XCBuildConfiguration;
			buildSettings = {
				CODE_SIGN_STYLE = Automatic;
				CURRENT_PROJECT_VERSION = 1;
				DEVELOPMENT_TEAM = XRBX6Z7278;
				GENERATE_INFOPLIST_FILE = YES;
				MARKETING_VERSION = 1.0;
				PRODUCT_BUNDLE_IDENTIFIER = XOX.iOS.WeatherAppiOSUITests;
				PRODUCT_NAME = "$(TARGET_NAME)";
				STRING_CATALOG_GENERATE_SYMBOLS = NO;
				SWIFT_APPROACHABLE_CONCURRENCY = YES;
				SWIFT_EMIT_LOC_STRINGS = NO;
				SWIFT_UPCOMING_FEATURE_MEMBER_IMPORT_VISIBILITY = YES;
				SWIFT_VERSION = 5.0;
				TARGETED_DEVICE_FAMILY = "1,2";
				TEST_TARGET_NAME = WeatherAppiOS;
			};
			name = Release;
		};
/* End XCBuildConfiguration section */

/* Begin XCConfigurationList section */
		4030D2072F45216B0079A6FB /* Build configuration list for PBXProject "WeatherAppiOS" */ = {
			isa = XCConfigurationList;
			buildConfigurations = (
				4030D22B2F45216D0079A6FB /* Debug */,
				4030D22C2F45216D0079A6FB /* Release */,
			);
			defaultConfigurationIsVisible = 0;
			defaultConfigurationName = Release;
		};
		4030D22D2F45216D0079A6FB /* Build configuration list for PBXNativeTarget "WeatherAppiOS" */ = {
			isa = XCConfigurationList;
			buildConfigurations = (
				4030D22E2F45216D0079A6FB /* Debug */,
				4030D22F2F45216D0079A6FB /* Release */,
			);
			defaultConfigurationIsVisible = 0;
			defaultConfigurationName = Release;
		};
		4030D2302F45216D0079A6FB /* Build configuration list for PBXNativeTarget "WeatherAppiOSTests" */ = {
			isa = XCConfigurationList;
			buildConfigurations = (
				4030D2312F45216D0079A6FB /* Debug */,
				4030D2322F45216D0079A6FB /* Release */,
			);
			defaultConfigurationIsVisible = 0;
			defaultConfigurationName = Release;
		};
		4030D2332F45216D0079A6FB /* Build configuration list for PBXNativeTarget "WeatherAppiOSUITests" */ = {
			isa = XCConfigurationList;
			buildConfigurations = (
				4030D2342F45216D0079A6FB /* Debug */,
				4030D2352F45216D0079A6FB /* Release */,
			);
			defaultConfigurationIsVisible = 0;
			defaultConfigurationName = Release;
		};
/* End XCConfigurationList section */

/* Begin XCRemoteSwiftPackageReference section */
		4072EC4B2F60FFEE00558671 /* XCRemoteSwiftPackageReference "Kingfisher" */ = {
			isa = XCRemoteSwiftPackageReference;
			repositoryURL = "https://github.com/onevcat/Kingfisher.git";
			requirement = {
				kind = upToNextMajorVersion;
				minimumVersion = 8.8.0;
			};
		};
		40AC65332F64E25100A15CF9 /* XCRemoteSwiftPackageReference "realm-swift" */ = {
			isa = XCRemoteSwiftPackageReference;
			repositoryURL = "https://github.com/realm/realm-swift";
			requirement = {
				kind = upToNextMajorVersion;
				minimumVersion = 10.54.4;
			};
		};
/* End XCRemoteSwiftPackageReference section */

/* Begin XCSwiftPackageProductDependency section */
		4072EC4C2F60FFEE00558671 /* Kingfisher */ = {
			isa = XCSwiftPackageProductDependency;
			package = 4072EC4B2F60FFEE00558671 /* XCRemoteSwiftPackageReference "Kingfisher" */;
			productName = Kingfisher;
		};
		40AC65342F64E25100A15CF9 /* RealmSwift */ = {
			isa = XCSwiftPackageProductDependency;
			package = 40AC65332F64E25100A15CF9 /* XCRemoteSwiftPackageReference "realm-swift" */;
			productName = RealmSwift;
		};
/* End XCSwiftPackageProductDependency section */
	};
	rootObject = 4030D2042F45216B0079A6FB /* Project object */;
}
